
Microsoft Visual Studio Solution File, Format Version 12.00
# Visual Studio Version 17
VisualStudioVersion = 17.13.35828.75
MinimumVisualStudioVersion = 10.0.40219.1
Project("{FAE04EC0-301F-11D3-BF4B-00C04F79EFBC}") = "VF.Verify.Domain", "VF.Verify.Domain\VF.Verify.Domain.csproj", "{3DA59DB6-82E5-4208-A24D-2C4E76676CAC}"
EndProject
Project("{FAE04EC0-301F-11D3-BF4B-00C04F79EFBC}") = "VF.Verify.Infrastructure", "VF.Verify.Infrastructure\VF.Verify.Infrastructure.csproj", "{8CBC0C1E-B4D6-4EB3-AB50-D0A54146C2ED}"
EndProject
Project("{FAE04EC0-301F-11D3-BF4B-00C04F79EFBC}") = "VF.Verify.Application", "VF.Verify.Application\VF.Verify.Application.csproj", "{D850F443-84B7-4286-8306-A14E32A26479}"
EndProject
Global
	GlobalSection(SolutionConfigurationPlatforms) = preSolution
		Debug|Any CPU = Debug|Any CPU
		Release|Any CPU = Release|Any CPU
	EndGlobalSection
	GlobalSection(ProjectConfigurationPlatforms) = postSolution
		{3DA59DB6-82E5-4208-A24D-2C4E76676CAC}.Debug|Any CPU.ActiveCfg = Debug|Any CPU
		{3DA59DB6-82E5-4208-A24D-2C4E76676CAC}.Debug|Any CPU.Build.0 = Debug|Any CPU
		{3DA59DB6-82E5-4208-A24D-2C4E76676CAC}.Release|Any CPU.ActiveCfg = Release|Any CPU
		{3DA59DB6-82E5-4208-A24D-2C4E76676CAC}.Release|Any CPU.Build.0 = Release|Any CPU
		{8CBC0C1E-B4D6-4EB3-AB50-D0A54146C2ED}.Debug|Any CPU.ActiveCfg = Debug|Any CPU
		{8CBC0C1E-B4D6-4EB3-AB50-D0A54146C2ED}.Debug|Any CPU.Build.0 = Debug|Any CPU
		{8CBC0C1E-B4D6-4EB3-AB50-D0A54146C2ED}.Release|Any CPU.ActiveCfg = Release|Any CPU
		{8CBC0C1E-B4D6-4EB3-AB50-D0A54146C2ED}.Release|Any CPU.Build.0 = Release|Any CPU
		{D850F443-84B7-4286-8306-A14E32A26479}.Debug|Any CPU.ActiveCfg = Debug|Any CPU
		{D850F443-84B7-4286-8306-A14E32A26479}.Debug|Any CPU.Build.0 = Debug|Any CPU
		{D850F443-84B7-4286-8306-A14E32A26479}.Release|Any CPU.ActiveCfg = Release|Any CPU
		{D850F443-84B7-4286-8306-A14E32A26479}.Release|Any CPU.Build.0 = Release|Any CPU
	EndGlobalSection
	GlobalSection(SolutionProperties) = preSolution
		HideSolutionNode = FALSE
	EndGlobalSection
	GlobalSection(ExtensibilityGlobals) = postSolution
		SolutionGuid = {24165865-D9B2-4FF1-9E86-AC209E389189}
	EndGlobalSection
EndGlobal
